
Microsoft Visual Studio Solution File, Format Version 12.00
# Visual Studio Version 16
VisualStudioVersion = 16.0.29001.49
MinimumVisualStudioVersion = 10.0.40219.1
Project("{FAE04EC0-301F-11D3-BF4B-00C04F79EFBC}") = "EntityForm-GUI3", "EntityForm-GUI3\EntityForm-GUI3.csproj", "{289F6065-A259-49DA-BD70-4AB0E188D2E0}"
EndProject
Global
	GlobalSection(SolutionConfigurationPlatforms) = preSolution
		Debug|Any CPU = Debug|Any CPU
		Release|Any CPU = Release|Any CPU
	EndGlobalSection
	GlobalSection(ProjectConfigurationPlatforms) = postSolution
		{289F6065-A259-49DA-BD70-4AB0E188D2E0}.Debug|Any CPU.ActiveCfg = Debug|Any CPU
		{289F6065-A259-49DA-BD70-4AB0E188D2E0}.Debug|Any CPU.Build.0 = Debug|Any CPU
		{289F6065-A259-49DA-BD70-4AB0E188D2E0}.Release|Any CPU.ActiveCfg = Release|Any CPU
		{289F6065-A259-49DA-BD70-4AB0E188D2E0}.Release|Any CPU.Build.0 = Release|Any CPU
	EndGlobalSection
	GlobalSection(SolutionProperties) = preSolution
		HideSolutionNode = FALSE
	EndGlobalSection
	GlobalSection(ExtensibilityGlobals) = postSolution
		SolutionGuid = {BDC516C1-F5E9-4821-8D8A-6A4DF90E3685}
	EndGlobalSection
EndGlobal
