
Microsoft Visual Studio Solution File, Format Version 12.00
# Visual Studio Version 16
VisualStudioVersion = 16.0.29001.49
MinimumVisualStudioVersion = 10.0.40219.1
Project("{FAE04EC0-301F-11D3-BF4B-00C04F79EFBC}") = "ExempleLINQ02A", "ExempleLINQ02A\ExempleLINQ02A.csproj", "{0BBE55D1-FDDE-4E1A-84FC-A6CF41EEAF02}"
EndProject
Global
	GlobalSection(SolutionConfigurationPlatforms) = preSolution
		Debug|Any CPU = Debug|Any CPU
		Release|Any CPU = Release|Any CPU
	EndGlobalSection
	GlobalSection(ProjectConfigurationPlatforms) = postSolution
		{0BBE55D1-FDDE-4E1A-84FC-A6CF41EEAF02}.Debug|Any CPU.ActiveCfg = Debug|Any CPU
		{0BBE55D1-FDDE-4E1A-84FC-A6CF41EEAF02}.Debug|Any CPU.Build.0 = Debug|Any CPU
		{0BBE55D1-FDDE-4E1A-84FC-A6CF41EEAF02}.Release|Any CPU.ActiveCfg = Release|Any CPU
		{0BBE55D1-FDDE-4E1A-84FC-A6CF41EEAF02}.Release|Any CPU.Build.0 = Release|Any CPU
	EndGlobalSection
	GlobalSection(SolutionProperties) = preSolution
		HideSolutionNode = FALSE
	EndGlobalSection
	GlobalSection(ExtensibilityGlobals) = postSolution
		SolutionGuid = {689943CF-BFE1-4A91-8788-4DAF4838A227}
	EndGlobalSection
EndGlobal
