
Microsoft Visual Studio Solution File, Format Version 12.00
# Visual Studio 15
VisualStudioVersion = 15.0.28307.539
MinimumVisualStudioVersion = 10.0.40219.1
Project("{FAE04EC0-301F-11D3-BF4B-00C04F79EFBC}") = "TestApi", "TestApi\TestApi.csproj", "{7978B5C2-CDEB-4793-BDE7-EB46F5C0CAFF}"
EndProject
Global
	GlobalSection(SolutionConfigurationPlatforms) = preSolution
		Debug|Any CPU = Debug|Any CPU
		Release|Any CPU = Release|Any CPU
	EndGlobalSection
	GlobalSection(ProjectConfigurationPlatforms) = postSolution
		{7978B5C2-CDEB-4793-BDE7-EB46F5C0CAFF}.Debug|Any CPU.ActiveCfg = Debug|Any CPU
		{7978B5C2-CDEB-4793-BDE7-EB46F5C0CAFF}.Debug|Any CPU.Build.0 = Debug|Any CPU
		{7978B5C2-CDEB-4793-BDE7-EB46F5C0CAFF}.Release|Any CPU.ActiveCfg = Release|Any CPU
		{7978B5C2-CDEB-4793-BDE7-EB46F5C0CAFF}.Release|Any CPU.Build.0 = Release|Any CPU
	EndGlobalSection
	GlobalSection(SolutionProperties) = preSolution
		HideSolutionNode = FALSE
	EndGlobalSection
	GlobalSection(ExtensibilityGlobals) = postSolution
		SolutionGuid = {6CDFCA6B-0B13-4E20-AADD-D31D39F7F0E8}
	EndGlobalSection
EndGlobal
