
Microsoft Visual Studio Solution File, Format Version 12.00
# Visual Studio Version 16
VisualStudioVersion = 16.0.29001.49
MinimumVisualStudioVersion = 10.0.40219.1
Project("{FAE04EC0-301F-11D3-BF4B-00C04F79EFBC}") = "ExempleLinq06", "ExempleLinq06\ExempleLinq06.csproj", "{6D8B47A2-AB71-44D6-A9FF-F2B1E3EAAA64}"
EndProject
Global
	GlobalSection(SolutionConfigurationPlatforms) = preSolution
		Debug|Any CPU = Debug|Any CPU
		Release|Any CPU = Release|Any CPU
	EndGlobalSection
	GlobalSection(ProjectConfigurationPlatforms) = postSolution
		{6D8B47A2-AB71-44D6-A9FF-F2B1E3EAAA64}.Debug|Any CPU.ActiveCfg = Debug|Any CPU
		{6D8B47A2-AB71-44D6-A9FF-F2B1E3EAAA64}.Debug|Any CPU.Build.0 = Debug|Any CPU
		{6D8B47A2-AB71-44D6-A9FF-F2B1E3EAAA64}.Release|Any CPU.ActiveCfg = Release|Any CPU
		{6D8B47A2-AB71-44D6-A9FF-F2B1E3EAAA64}.Release|Any CPU.Build.0 = Release|Any CPU
	EndGlobalSection
	GlobalSection(SolutionProperties) = preSolution
		HideSolutionNode = FALSE
	EndGlobalSection
	GlobalSection(ExtensibilityGlobals) = postSolution
		SolutionGuid = {1841FC94-F647-4011-BB75-95BC65C1934B}
	EndGlobalSection
EndGlobal
